
Microsoft Visual Studio Solution File, Format Version 12.00
# Visual Studio Version 17
VisualStudioVersion = 17.2.32519.379
MinimumVisualStudioVersion = 10.0.40219.1
Project("{FAE04EC0-301F-11D3-BF4B-00C04F79EFBC}") = "pryEstructuraDeDatos", "pryEstructuraDeDatos\pryEstructuraDeDatos.csproj", "{A9352708-BB6D-4AC6-938E-04970390B3D9}"
EndProject
Global
	GlobalSection(SolutionConfigurationPlatforms) = preSolution
		Debug|Any CPU = Debug|Any CPU
		Release|Any CPU = Release|Any CPU
	EndGlobalSection
	GlobalSection(ProjectConfigurationPlatforms) = postSolution
		{A9352708-BB6D-4AC6-938E-04970390B3D9}.Debug|Any CPU.ActiveCfg = Debug|Any CPU
		{A9352708-BB6D-4AC6-938E-04970390B3D9}.Debug|Any CPU.Build.0 = Debug|Any CPU
		{A9352708-BB6D-4AC6-938E-04970390B3D9}.Release|Any CPU.ActiveCfg = Release|Any CPU
		{A9352708-BB6D-4AC6-938E-04970390B3D9}.Release|Any CPU.Build.0 = Release|Any CPU
	EndGlobalSection
	GlobalSection(SolutionProperties) = preSolution
		HideSolutionNode = FALSE
	EndGlobalSection
	GlobalSection(ExtensibilityGlobals) = postSolution
		SolutionGuid = {18C40250-6503-4FB5-8E14-5ACD20A39BC3}
	EndGlobalSection
EndGlobal
